
Microsoft Visual Studio Solution File, Format Version 12.00
# Visual Studio Version 17
VisualStudioVersion = 17.7.34221.43
MinimumVisualStudioVersion = 10.0.40219.1
Project("{FAE04EC0-301F-11D3-BF4B-00C04F79EFBC}") = "PublishSubscribeApi", "PublishSubscribeApi\PublishSubscribeApi.csproj", "{FA6A56E7-7A43-4D10-BFCB-49A34104FFF3}"
EndProject
Project("{2150E333-8FDC-42A3-9474-1A3956D46DE8}") = "Solution Items", "Solution Items", "{4C06A21C-7343-4FF3-90AB-103D9ED629E0}"
	ProjectSection(SolutionItems) = preProject
		diagrams.drawio = diagrams.drawio
		README.md = README.md
	EndProjectSection
EndProject
Project("{2150E333-8FDC-42A3-9474-1A3956D46DE8}") = "images", "images", "{B97BB69C-D113-4064-9FE9-A8875E3F5A92}"
	ProjectSection(SolutionItems) = preProject
		images\publisher.png = images\publisher.png
		images\subscriber.png = images\subscriber.png
	EndProjectSection
EndProject
Global
	GlobalSection(SolutionConfigurationPlatforms) = preSolution
		Debug|Any CPU = Debug|Any CPU
		Release|Any CPU = Release|Any CPU
	EndGlobalSection
	GlobalSection(ProjectConfigurationPlatforms) = postSolution
		{FA6A56E7-7A43-4D10-BFCB-49A34104FFF3}.Debug|Any CPU.ActiveCfg = Debug|Any CPU
		{FA6A56E7-7A43-4D10-BFCB-49A34104FFF3}.Debug|Any CPU.Build.0 = Debug|Any CPU
		{FA6A56E7-7A43-4D10-BFCB-49A34104FFF3}.Release|Any CPU.ActiveCfg = Release|Any CPU
		{FA6A56E7-7A43-4D10-BFCB-49A34104FFF3}.Release|Any CPU.Build.0 = Release|Any CPU
	EndGlobalSection
	GlobalSection(SolutionProperties) = preSolution
		HideSolutionNode = FALSE
	EndGlobalSection
	GlobalSection(NestedProjects) = preSolution
		{B97BB69C-D113-4064-9FE9-A8875E3F5A92} = {4C06A21C-7343-4FF3-90AB-103D9ED629E0}
	EndGlobalSection
	GlobalSection(ExtensibilityGlobals) = postSolution
		SolutionGuid = {11C5414A-096F-4FF1-95FB-7A502E71E69C}
	EndGlobalSection
EndGlobal
